
Microsoft Visual Studio Solution File, Format Version 12.00
# Visual Studio Version 17
VisualStudioVersion = 17.1.32421.90
MinimumVisualStudioVersion = 10.0.40219.1
Project("{FAE04EC0-301F-11D3-BF4B-00C04F79EFBC}") = "PSCIDemo", "PSCIDemo.csproj", "{D01DD789-BEF7-4283-A3B8-6A1AD91C8B53}"
EndProject
Global
	GlobalSection(SolutionConfigurationPlatforms) = preSolution
		Debug|Any CPU = Debug|Any CPU
		Release|Any CPU = Release|Any CPU
	EndGlobalSection
	GlobalSection(ProjectConfigurationPlatforms) = postSolution
		{D01DD789-BEF7-4283-A3B8-6A1AD91C8B53}.Debug|Any CPU.ActiveCfg = Debug|Any CPU
		{D01DD789-BEF7-4283-A3B8-6A1AD91C8B53}.Debug|Any CPU.Build.0 = Debug|Any CPU
		{D01DD789-BEF7-4283-A3B8-6A1AD91C8B53}.Release|Any CPU.ActiveCfg = Release|Any CPU
		{D01DD789-BEF7-4283-A3B8-6A1AD91C8B53}.Release|Any CPU.Build.0 = Release|Any CPU
	EndGlobalSection
	GlobalSection(SolutionProperties) = preSolution
		HideSolutionNode = FALSE
	EndGlobalSection
	GlobalSection(ExtensibilityGlobals) = postSolution
		SolutionGuid = {BADFE5B8-20F9-4DB4-B583-4ACADD71A025}
	EndGlobalSection
EndGlobal
